
Microsoft Visual Studio Solution File, Format Version 12.00
# Visual Studio 14
VisualStudioVersion = 14.0.25420.1
MinimumVisualStudioVersion = 10.0.40219.1
Project("{930C7802-8A8C-48F9-8165-68863BCCD9DD}") = "FirstBootstrapBundle", "FirstBootstrapBundle\FirstBootstrapBundle.wixproj", "{30AE5D19-2CEB-4F6B-81B0-33110EEF25B6}"
EndProject
Global
	GlobalSection(SolutionConfigurationPlatforms) = preSolution
		Debug|x86 = Debug|x86
		Release|x86 = Release|x86
	EndGlobalSection
	GlobalSection(ProjectConfigurationPlatforms) = postSolution
		{30AE5D19-2CEB-4F6B-81B0-33110EEF25B6}.Debug|x86.ActiveCfg = Debug|x86
		{30AE5D19-2CEB-4F6B-81B0-33110EEF25B6}.Debug|x86.Build.0 = Debug|x86
		{30AE5D19-2CEB-4F6B-81B0-33110EEF25B6}.Release|x86.ActiveCfg = Release|x86
		{30AE5D19-2CEB-4F6B-81B0-33110EEF25B6}.Release|x86.Build.0 = Release|x86
	EndGlobalSection
	GlobalSection(SolutionProperties) = preSolution
		HideSolutionNode = FALSE
	EndGlobalSection
EndGlobal
