
Microsoft Visual Studio Solution File, Format Version 12.00
# Visual Studio 14
VisualStudioVersion = 14.0.25420.1
MinimumVisualStudioVersion = 10.0.40219.1
Project("{930C7802-8A8C-48F9-8165-68863BCCD9DD}") = "Copying files", "Copying files\Copying files.wixproj", "{4A4A4B02-222B-4D6E-B09A-FF5AC5520ECB}"
EndProject
Global
	GlobalSection(SolutionConfigurationPlatforms) = preSolution
		Debug|x86 = Debug|x86
		Release|x86 = Release|x86
	EndGlobalSection
	GlobalSection(ProjectConfigurationPlatforms) = postSolution
		{4A4A4B02-222B-4D6E-B09A-FF5AC5520ECB}.Debug|x86.ActiveCfg = Debug|x86
		{4A4A4B02-222B-4D6E-B09A-FF5AC5520ECB}.Debug|x86.Build.0 = Debug|x86
		{4A4A4B02-222B-4D6E-B09A-FF5AC5520ECB}.Release|x86.ActiveCfg = Release|x86
		{4A4A4B02-222B-4D6E-B09A-FF5AC5520ECB}.Release|x86.Build.0 = Release|x86
	EndGlobalSection
	GlobalSection(SolutionProperties) = preSolution
		HideSolutionNode = FALSE
	EndGlobalSection
EndGlobal
